
Microsoft Visual Studio Solution File, Format Version 12.00
# Visual Studio Version 16
VisualStudioVersion = 16.0.32002.261
MinimumVisualStudioVersion = 10.0.40219.1
Project("{9A19103F-16F7-4668-BE54-9A1E7A4F7556}") = "Invoice.App", "src\DesktopApp\Invoice.App\Invoice.App.csproj", "{B0B469AC-4DD0-41F2-9D92-4E071E1B6597}"
EndProject
Project("{2150E333-8FDC-42A3-9474-1A3956D46DE8}") = "DesktopApp", "DesktopApp", "{5EDC62A0-9238-47CA-A820-03754202AC64}"
EndProject
Project("{2150E333-8FDC-42A3-9474-1A3956D46DE8}") = "Services", "Services", "{7A8EB341-A90B-4219-8B2A-F05D51832758}"
EndProject
Project("{2150E333-8FDC-42A3-9474-1A3956D46DE8}") = "Store", "Store", "{94E82A33-3736-4487-9B2D-7B5C2F760F5A}"
EndProject
Project("{9A19103F-16F7-4668-BE54-9A1E7A4F7556}") = "Store.Api", "src\services\Store\Store.Api\Store.Api.csproj", "{DD6F1BC0-7900-41D0-9731-E4C3F8446E02}"
EndProject
Project("{9A19103F-16F7-4668-BE54-9A1E7A4F7556}") = "Store.Domain", "src\services\Store\Store.Domain\Store.Domain.csproj", "{98B78E96-1EEA-401D-B182-510562F4C75D}"
EndProject
Project("{9A19103F-16F7-4668-BE54-9A1E7A4F7556}") = "Store.Application", "src\services\Store\Store.Application\Store.Application.csproj", "{31198740-89E0-4D61-948D-B0636DEF7FFF}"
EndProject
Project("{9A19103F-16F7-4668-BE54-9A1E7A4F7556}") = "Store.Infrastructure", "src\services\Store\Store.Infrastructure\Store.Infrastructure.csproj", "{626CA74B-3EEB-4176-91F4-7CA98DEFF6F3}"
EndProject
Project("{2150E333-8FDC-42A3-9474-1A3956D46DE8}") = "Product", "Product", "{58B315F9-1EE9-455A-80EA-B7723432EB9D}"
EndProject
Project("{9A19103F-16F7-4668-BE54-9A1E7A4F7556}") = "Product.Api", "src\Services\Product\Product.Api\Product.Api.csproj", "{A755FC71-1D45-4F76-BAE1-ABDBE6EBAECE}"
EndProject
Project("{9A19103F-16F7-4668-BE54-9A1E7A4F7556}") = "Product.Domain", "src\services\Product\Product.Domain\Product.Domain.csproj", "{57B14119-83E6-4523-834E-B7654A76E946}"
EndProject
Project("{9A19103F-16F7-4668-BE54-9A1E7A4F7556}") = "Product.Application", "src\services\Product\Product.Application\Product.Application.csproj", "{70B362D3-F99A-4DB0-8EE6-770104A7BE5A}"
EndProject
Project("{9A19103F-16F7-4668-BE54-9A1E7A4F7556}") = "Product.Infrastructure", "src\services\Product\Product.Infrastructure\Product.Infrastructure.csproj", "{223A174F-B706-4DD6-BE7F-A12073911D63}"
EndProject
Project("{9A19103F-16F7-4668-BE54-9A1E7A4F7556}") = "Order.Api", "src\services\Order\Order.Api\Order.Api.csproj", "{89DABE2C-3043-4C50-B8FE-361D42263BDB}"
EndProject
Project("{2150E333-8FDC-42A3-9474-1A3956D46DE8}") = "Order", "Order", "{8B53FD3D-FBD3-42C5-AE2C-C4834D0A5CD8}"
EndProject
Project("{9A19103F-16F7-4668-BE54-9A1E7A4F7556}") = "Order.Domain", "src\services\Order\Order.Domain\Order.Domain.csproj", "{A6B66EAE-42F0-4DAF-BF84-DC9CD9DED5D6}"
EndProject
Project("{9A19103F-16F7-4668-BE54-9A1E7A4F7556}") = "Order.Application", "src\services\Order\Order.Application\Order.Application.csproj", "{4B344D6B-2E4E-4CAB-8C29-35CFDBE609B4}"
EndProject
Project("{9A19103F-16F7-4668-BE54-9A1E7A4F7556}") = "Order.Infrastructure", "src\services\Order\Order.Infrastructure\Order.Infrastructure.csproj", "{9869B81A-85D2-490E-A0A0-82154563AEDD}"
EndProject
Project("{9A19103F-16F7-4668-BE54-9A1E7A4F7556}") = "Invoice.Application", "src\DesktopApp\Invoice.Application\Invoice.Application.csproj", "{126DFBA9-5958-4E7E-B7C0-3CCD8AB1E8CF}"
EndProject
Project("{9A19103F-16F7-4668-BE54-9A1E7A4F7556}") = "Invoice.Infrastructure", "src\DesktopApp\Invoice.Infrastructure\Invoice.Infrastructure.csproj", "{55EE1285-BE4E-40A2-B49D-F3ABE7059A44}"
EndProject
Global
	GlobalSection(SolutionConfigurationPlatforms) = preSolution
		Debug|Any CPU = Debug|Any CPU
		Debug|x64 = Debug|x64
		Release|Any CPU = Release|Any CPU
		Release|x64 = Release|x64
	EndGlobalSection
	GlobalSection(ProjectConfigurationPlatforms) = postSolution
		{B0B469AC-4DD0-41F2-9D92-4E071E1B6597}.Debug|Any CPU.ActiveCfg = Debug|Any CPU
		{B0B469AC-4DD0-41F2-9D92-4E071E1B6597}.Debug|Any CPU.Build.0 = Debug|Any CPU
		{B0B469AC-4DD0-41F2-9D92-4E071E1B6597}.Debug|x64.ActiveCfg = Debug|x64
		{B0B469AC-4DD0-41F2-9D92-4E071E1B6597}.Debug|x64.Build.0 = Debug|x64
		{B0B469AC-4DD0-41F2-9D92-4E071E1B6597}.Release|Any CPU.ActiveCfg = Release|Any CPU
		{B0B469AC-4DD0-41F2-9D92-4E071E1B6597}.Release|Any CPU.Build.0 = Release|Any CPU
		{B0B469AC-4DD0-41F2-9D92-4E071E1B6597}.Release|x64.ActiveCfg = Release|x64
		{B0B469AC-4DD0-41F2-9D92-4E071E1B6597}.Release|x64.Build.0 = Release|x64
		{DD6F1BC0-7900-41D0-9731-E4C3F8446E02}.Debug|Any CPU.ActiveCfg = Debug|Any CPU
		{DD6F1BC0-7900-41D0-9731-E4C3F8446E02}.Debug|Any CPU.Build.0 = Debug|Any CPU
		{DD6F1BC0-7900-41D0-9731-E4C3F8446E02}.Debug|x64.ActiveCfg = Debug|x64
		{DD6F1BC0-7900-41D0-9731-E4C3F8446E02}.Debug|x64.Build.0 = Debug|x64
		{DD6F1BC0-7900-41D0-9731-E4C3F8446E02}.Release|Any CPU.ActiveCfg = Release|Any CPU
		{DD6F1BC0-7900-41D0-9731-E4C3F8446E02}.Release|Any CPU.Build.0 = Release|Any CPU
		{DD6F1BC0-7900-41D0-9731-E4C3F8446E02}.Release|x64.ActiveCfg = Release|x64
		{DD6F1BC0-7900-41D0-9731-E4C3F8446E02}.Release|x64.Build.0 = Release|x64
		{98B78E96-1EEA-401D-B182-510562F4C75D}.Debug|Any CPU.ActiveCfg = Debug|Any CPU
		{98B78E96-1EEA-401D-B182-510562F4C75D}.Debug|Any CPU.Build.0 = Debug|Any CPU
		{98B78E96-1EEA-401D-B182-510562F4C75D}.Debug|x64.ActiveCfg = Debug|x64
		{98B78E96-1EEA-401D-B182-510562F4C75D}.Debug|x64.Build.0 = Debug|x64
		{98B78E96-1EEA-401D-B182-510562F4C75D}.Release|Any CPU.ActiveCfg = Release|Any CPU
		{98B78E96-1EEA-401D-B182-510562F4C75D}.Release|Any CPU.Build.0 = Release|Any CPU
		{98B78E96-1EEA-401D-B182-510562F4C75D}.Release|x64.ActiveCfg = Release|x64
		{98B78E96-1EEA-401D-B182-510562F4C75D}.Release|x64.Build.0 = Release|x64
		{31198740-89E0-4D61-948D-B0636DEF7FFF}.Debug|Any CPU.ActiveCfg = Debug|Any CPU
		{31198740-89E0-4D61-948D-B0636DEF7FFF}.Debug|Any CPU.Build.0 = Debug|Any CPU
		{31198740-89E0-4D61-948D-B0636DEF7FFF}.Debug|x64.ActiveCfg = Debug|x64
		{31198740-89E0-4D61-948D-B0636DEF7FFF}.Debug|x64.Build.0 = Debug|x64
		{31198740-89E0-4D61-948D-B0636DEF7FFF}.Release|Any CPU.ActiveCfg = Release|Any CPU
		{31198740-89E0-4D61-948D-B0636DEF7FFF}.Release|Any CPU.Build.0 = Release|Any CPU
		{31198740-89E0-4D61-948D-B0636DEF7FFF}.Release|x64.ActiveCfg = Release|x64
		{31198740-89E0-4D61-948D-B0636DEF7FFF}.Release|x64.Build.0 = Release|x64
		{626CA74B-3EEB-4176-91F4-7CA98DEFF6F3}.Debug|Any CPU.ActiveCfg = Debug|Any CPU
		{626CA74B-3EEB-4176-91F4-7CA98DEFF6F3}.Debug|Any CPU.Build.0 = Debug|Any CPU
		{626CA74B-3EEB-4176-91F4-7CA98DEFF6F3}.Debug|x64.ActiveCfg = Debug|x64
		{626CA74B-3EEB-4176-91F4-7CA98DEFF6F3}.Debug|x64.Build.0 = Debug|x64
		{626CA74B-3EEB-4176-91F4-7CA98DEFF6F3}.Release|Any CPU.ActiveCfg = Release|Any CPU
		{626CA74B-3EEB-4176-91F4-7CA98DEFF6F3}.Release|Any CPU.Build.0 = Release|Any CPU
		{626CA74B-3EEB-4176-91F4-7CA98DEFF6F3}.Release|x64.ActiveCfg = Release|x64
		{626CA74B-3EEB-4176-91F4-7CA98DEFF6F3}.Release|x64.Build.0 = Release|x64
		{A755FC71-1D45-4F76-BAE1-ABDBE6EBAECE}.Debug|Any CPU.ActiveCfg = Debug|Any CPU
		{A755FC71-1D45-4F76-BAE1-ABDBE6EBAECE}.Debug|Any CPU.Build.0 = Debug|Any CPU
		{A755FC71-1D45-4F76-BAE1-ABDBE6EBAECE}.Debug|x64.ActiveCfg = Debug|x64
		{A755FC71-1D45-4F76-BAE1-ABDBE6EBAECE}.Debug|x64.Build.0 = Debug|x64
		{A755FC71-1D45-4F76-BAE1-ABDBE6EBAECE}.Release|Any CPU.ActiveCfg = Release|Any CPU
		{A755FC71-1D45-4F76-BAE1-ABDBE6EBAECE}.Release|Any CPU.Build.0 = Release|Any CPU
		{A755FC71-1D45-4F76-BAE1-ABDBE6EBAECE}.Release|x64.ActiveCfg = Release|x64
		{A755FC71-1D45-4F76-BAE1-ABDBE6EBAECE}.Release|x64.Build.0 = Release|x64
		{57B14119-83E6-4523-834E-B7654A76E946}.Debug|Any CPU.ActiveCfg = Debug|Any CPU
		{57B14119-83E6-4523-834E-B7654A76E946}.Debug|Any CPU.Build.0 = Debug|Any CPU
		{57B14119-83E6-4523-834E-B7654A76E946}.Debug|x64.ActiveCfg = Debug|x64
		{57B14119-83E6-4523-834E-B7654A76E946}.Debug|x64.Build.0 = Debug|x64
		{57B14119-83E6-4523-834E-B7654A76E946}.Release|Any CPU.ActiveCfg = Release|Any CPU
		{57B14119-83E6-4523-834E-B7654A76E946}.Release|Any CPU.Build.0 = Release|Any CPU
		{57B14119-83E6-4523-834E-B7654A76E946}.Release|x64.ActiveCfg = Release|x64
		{57B14119-83E6-4523-834E-B7654A76E946}.Release|x64.Build.0 = Release|x64
		{70B362D3-F99A-4DB0-8EE6-770104A7BE5A}.Debug|Any CPU.ActiveCfg = Debug|Any CPU
		{70B362D3-F99A-4DB0-8EE6-770104A7BE5A}.Debug|Any CPU.Build.0 = Debug|Any CPU
		{70B362D3-F99A-4DB0-8EE6-770104A7BE5A}.Debug|x64.ActiveCfg = Debug|x64
		{70B362D3-F99A-4DB0-8EE6-770104A7BE5A}.Debug|x64.Build.0 = Debug|x64
		{70B362D3-F99A-4DB0-8EE6-770104A7BE5A}.Release|Any CPU.ActiveCfg = Release|Any CPU
		{70B362D3-F99A-4DB0-8EE6-770104A7BE5A}.Release|Any CPU.Build.0 = Release|Any CPU
		{70B362D3-F99A-4DB0-8EE6-770104A7BE5A}.Release|x64.ActiveCfg = Release|x64
		{70B362D3-F99A-4DB0-8EE6-770104A7BE5A}.Release|x64.Build.0 = Release|x64
		{223A174F-B706-4DD6-BE7F-A12073911D63}.Debug|Any CPU.ActiveCfg = Debug|Any CPU
		{223A174F-B706-4DD6-BE7F-A12073911D63}.Debug|Any CPU.Build.0 = Debug|Any CPU
		{223A174F-B706-4DD6-BE7F-A12073911D63}.Debug|x64.ActiveCfg = Debug|x64
		{223A174F-B706-4DD6-BE7F-A12073911D63}.Debug|x64.Build.0 = Debug|x64
		{223A174F-B706-4DD6-BE7F-A12073911D63}.Release|Any CPU.ActiveCfg = Release|Any CPU
		{223A174F-B706-4DD6-BE7F-A12073911D63}.Release|Any CPU.Build.0 = Release|Any CPU
		{223A174F-B706-4DD6-BE7F-A12073911D63}.Release|x64.ActiveCfg = Release|x64
		{223A174F-B706-4DD6-BE7F-A12073911D63}.Release|x64.Build.0 = Release|x64
		{89DABE2C-3043-4C50-B8FE-361D42263BDB}.Debug|Any CPU.ActiveCfg = Debug|Any CPU
		{89DABE2C-3043-4C50-B8FE-361D42263BDB}.Debug|Any CPU.Build.0 = Debug|Any CPU
		{89DABE2C-3043-4C50-B8FE-361D42263BDB}.Debug|x64.ActiveCfg = Debug|x64
		{89DABE2C-3043-4C50-B8FE-361D42263BDB}.Debug|x64.Build.0 = Debug|x64
		{89DABE2C-3043-4C50-B8FE-361D42263BDB}.Release|Any CPU.ActiveCfg = Release|Any CPU
		{89DABE2C-3043-4C50-B8FE-361D42263BDB}.Release|Any CPU.Build.0 = Release|Any CPU
		{89DABE2C-3043-4C50-B8FE-361D42263BDB}.Release|x64.ActiveCfg = Release|x64
		{89DABE2C-3043-4C50-B8FE-361D42263BDB}.Release|x64.Build.0 = Release|x64
		{A6B66EAE-42F0-4DAF-BF84-DC9CD9DED5D6}.Debug|Any CPU.ActiveCfg = Debug|Any CPU
		{A6B66EAE-42F0-4DAF-BF84-DC9CD9DED5D6}.Debug|Any CPU.Build.0 = Debug|Any CPU
		{A6B66EAE-42F0-4DAF-BF84-DC9CD9DED5D6}.Debug|x64.ActiveCfg = Debug|x64
		{A6B66EAE-42F0-4DAF-BF84-DC9CD9DED5D6}.Debug|x64.Build.0 = Debug|x64
		{A6B66EAE-42F0-4DAF-BF84-DC9CD9DED5D6}.Release|Any CPU.ActiveCfg = Release|Any CPU
		{A6B66EAE-42F0-4DAF-BF84-DC9CD9DED5D6}.Release|Any CPU.Build.0 = Release|Any CPU
		{A6B66EAE-42F0-4DAF-BF84-DC9CD9DED5D6}.Release|x64.ActiveCfg = Release|x64
		{A6B66EAE-42F0-4DAF-BF84-DC9CD9DED5D6}.Release|x64.Build.0 = Release|x64
		{4B344D6B-2E4E-4CAB-8C29-35CFDBE609B4}.Debug|Any CPU.ActiveCfg = Debug|Any CPU
		{4B344D6B-2E4E-4CAB-8C29-35CFDBE609B4}.Debug|Any CPU.Build.0 = Debug|Any CPU
		{4B344D6B-2E4E-4CAB-8C29-35CFDBE609B4}.Debug|x64.ActiveCfg = Debug|x64
		{4B344D6B-2E4E-4CAB-8C29-35CFDBE609B4}.Debug|x64.Build.0 = Debug|x64
		{4B344D6B-2E4E-4CAB-8C29-35CFDBE609B4}.Release|Any CPU.ActiveCfg = Release|Any CPU
		{4B344D6B-2E4E-4CAB-8C29-35CFDBE609B4}.Release|Any CPU.Build.0 = Release|Any CPU
		{4B344D6B-2E4E-4CAB-8C29-35CFDBE609B4}.Release|x64.ActiveCfg = Release|x64
		{4B344D6B-2E4E-4CAB-8C29-35CFDBE609B4}.Release|x64.Build.0 = Release|x64
		{9869B81A-85D2-490E-A0A0-82154563AEDD}.Debug|Any CPU.ActiveCfg = Debug|Any CPU
		{9869B81A-85D2-490E-A0A0-82154563AEDD}.Debug|Any CPU.Build.0 = Debug|Any CPU
		{9869B81A-85D2-490E-A0A0-82154563AEDD}.Debug|x64.ActiveCfg = Debug|x64
		{9869B81A-85D2-490E-A0A0-82154563AEDD}.Debug|x64.Build.0 = Debug|x64
		{9869B81A-85D2-490E-A0A0-82154563AEDD}.Release|Any CPU.ActiveCfg = Release|Any CPU
		{9869B81A-85D2-490E-A0A0-82154563AEDD}.Release|Any CPU.Build.0 = Release|Any CPU
		{9869B81A-85D2-490E-A0A0-82154563AEDD}.Release|x64.ActiveCfg = Release|x64
		{9869B81A-85D2-490E-A0A0-82154563AEDD}.Release|x64.Build.0 = Release|x64
		{126DFBA9-5958-4E7E-B7C0-3CCD8AB1E8CF}.Debug|Any CPU.ActiveCfg = Debug|Any CPU
		{126DFBA9-5958-4E7E-B7C0-3CCD8AB1E8CF}.Debug|Any CPU.Build.0 = Debug|Any CPU
		{126DFBA9-5958-4E7E-B7C0-3CCD8AB1E8CF}.Debug|x64.ActiveCfg = Debug|x64
		{126DFBA9-5958-4E7E-B7C0-3CCD8AB1E8CF}.Debug|x64.Build.0 = Debug|x64
		{126DFBA9-5958-4E7E-B7C0-3CCD8AB1E8CF}.Release|Any CPU.ActiveCfg = Release|Any CPU
		{126DFBA9-5958-4E7E-B7C0-3CCD8AB1E8CF}.Release|Any CPU.Build.0 = Release|Any CPU
		{126DFBA9-5958-4E7E-B7C0-3CCD8AB1E8CF}.Release|x64.ActiveCfg = Release|x64
		{126DFBA9-5958-4E7E-B7C0-3CCD8AB1E8CF}.Release|x64.Build.0 = Release|x64
		{55EE1285-BE4E-40A2-B49D-F3ABE7059A44}.Debug|Any CPU.ActiveCfg = Debug|Any CPU
		{55EE1285-BE4E-40A2-B49D-F3ABE7059A44}.Debug|Any CPU.Build.0 = Debug|Any CPU
		{55EE1285-BE4E-40A2-B49D-F3ABE7059A44}.Debug|x64.ActiveCfg = Debug|x64
		{55EE1285-BE4E-40A2-B49D-F3ABE7059A44}.Debug|x64.Build.0 = Debug|x64
		{55EE1285-BE4E-40A2-B49D-F3ABE7059A44}.Release|Any CPU.ActiveCfg = Release|Any CPU
		{55EE1285-BE4E-40A2-B49D-F3ABE7059A44}.Release|Any CPU.Build.0 = Release|Any CPU
		{55EE1285-BE4E-40A2-B49D-F3ABE7059A44}.Release|x64.ActiveCfg = Release|x64
		{55EE1285-BE4E-40A2-B49D-F3ABE7059A44}.Release|x64.Build.0 = Release|x64
	EndGlobalSection
	GlobalSection(SolutionProperties) = preSolution
		HideSolutionNode = FALSE
	EndGlobalSection
	GlobalSection(NestedProjects) = preSolution
		{B0B469AC-4DD0-41F2-9D92-4E071E1B6597} = {5EDC62A0-9238-47CA-A820-03754202AC64}
		{94E82A33-3736-4487-9B2D-7B5C2F760F5A} = {7A8EB341-A90B-4219-8B2A-F05D51832758}
		{DD6F1BC0-7900-41D0-9731-E4C3F8446E02} = {94E82A33-3736-4487-9B2D-7B5C2F760F5A}
		{98B78E96-1EEA-401D-B182-510562F4C75D} = {94E82A33-3736-4487-9B2D-7B5C2F760F5A}
		{31198740-89E0-4D61-948D-B0636DEF7FFF} = {94E82A33-3736-4487-9B2D-7B5C2F760F5A}
		{626CA74B-3EEB-4176-91F4-7CA98DEFF6F3} = {94E82A33-3736-4487-9B2D-7B5C2F760F5A}
		{58B315F9-1EE9-455A-80EA-B7723432EB9D} = {7A8EB341-A90B-4219-8B2A-F05D51832758}
		{A755FC71-1D45-4F76-BAE1-ABDBE6EBAECE} = {58B315F9-1EE9-455A-80EA-B7723432EB9D}
		{57B14119-83E6-4523-834E-B7654A76E946} = {58B315F9-1EE9-455A-80EA-B7723432EB9D}
		{70B362D3-F99A-4DB0-8EE6-770104A7BE5A} = {58B315F9-1EE9-455A-80EA-B7723432EB9D}
		{223A174F-B706-4DD6-BE7F-A12073911D63} = {58B315F9-1EE9-455A-80EA-B7723432EB9D}
		{89DABE2C-3043-4C50-B8FE-361D42263BDB} = {8B53FD3D-FBD3-42C5-AE2C-C4834D0A5CD8}
		{8B53FD3D-FBD3-42C5-AE2C-C4834D0A5CD8} = {7A8EB341-A90B-4219-8B2A-F05D51832758}
		{A6B66EAE-42F0-4DAF-BF84-DC9CD9DED5D6} = {8B53FD3D-FBD3-42C5-AE2C-C4834D0A5CD8}
		{4B344D6B-2E4E-4CAB-8C29-35CFDBE609B4} = {8B53FD3D-FBD3-42C5-AE2C-C4834D0A5CD8}
		{9869B81A-85D2-490E-A0A0-82154563AEDD} = {8B53FD3D-FBD3-42C5-AE2C-C4834D0A5CD8}
		{126DFBA9-5958-4E7E-B7C0-3CCD8AB1E8CF} = {5EDC62A0-9238-47CA-A820-03754202AC64}
		{55EE1285-BE4E-40A2-B49D-F3ABE7059A44} = {5EDC62A0-9238-47CA-A820-03754202AC64}
	EndGlobalSection
	GlobalSection(ExtensibilityGlobals) = postSolution
		SolutionGuid = {622838EE-39E8-4914-9097-58D7B505C6F4}
	EndGlobalSection
EndGlobal
